version = 1
requires-python = ">=3.12"

[[package]]
name = "adbc-driver-manager"
version = "1.2.0"
source = { registry = "https://pypi.org/simple" }
dependencies = [
    { name = "typing-extensions" },
]
sdist = { url = "https://files.pythonhosted.org/packages/4d/b1/8acfb8fd54a98ae66ffdc39cd03333b77da881ad9ad8644623013d276eeb/adbc_driver_manager-1.2.0.tar.gz", hash = "sha256:3a45bb119b7f842444c9a2489adae8a4dc233e72b0fe0c9019494382a52d7bf9", size = 107242 }
wheels = [
    { url = "https://files.pythonhosted.org/packages/76/ed/02138205a4d4aee6622415d186e10e82faf8534fb7e754e5c1d1e6938097/adbc_driver_manager-1.2.0-cp312-cp312-macosx_10_15_x86_64.whl", hash = "sha256:203284f0997ed55ac7196b55eef07adad912fa5182b0d10e025a9b4e1a09fb85", size = 380807 },
    { url = "https://files.pythonhosted.org/packages/c8/91/8648126dbecb1d7d4d030ae74cc7d81351ae16112c913b1b00ef7a2bdf41/adbc_driver_manager-1.2.0-cp312-cp312-macosx_11_0_arm64.whl", hash = "sha256:00847c7a3f300450caa3bb924bf3f2b6a7adee70a5bc773d2b28b9f2e04775c5", size = 364982 },
    { url = "https://files.pythonhosted.org/packages/54/74/54acbc52dd95e87705ec334033b460989eaf400c21b420a306f2c95adb9e/adbc_driver_manager-1.2.0-cp312-cp312-manylinux_2_17_aarch64.manylinux2014_aarch64.whl", hash = "sha256:d7c4326e03224aa99faecdf3f46839faf6103800740fa70bc5a5e0749f181524", size = 2127838 },
    { url = "https://files.pythonhosted.org/packages/53/55/5bb472a37039c95a8aa8de659db8e691386bc8b890b2a9d674b2a7b093e7/adbc_driver_manager-1.2.0-cp312-cp312-manylinux_2_17_x86_64.manylinux2014_x86_64.whl", hash = "sha256:116855fc774c09a8131f76dc12111c435f94945f900881a1f49c23ebb3a737de", size = 2159699 },
    { url = "https://files.pythonhosted.org/packages/d3/d6/aa9fda070d212685d82ef81944c1099a02dfb0cd3f94068211d1431a5265/adbc_driver_manager-1.2.0-cp312-cp312-win_amd64.whl", hash = "sha256:859e7e796d9b4d820e92913356633f1596a9f446f6fbdf57310f5311eb4467d8", size = 538442 },
    { url = "https://files.pythonhosted.org/packages/81/9a/eecf3587d1fc15797938559cbf57ffc09856da40747ab9ec3ec28221224b/adbc_driver_manager-1.2.0-cp313-cp313-macosx_10_15_x86_64.whl", hash = "sha256:c180ded8c7dcd8b85b49ab68b332effcd72cce7144c21cfa576e6110414f0fae", size = 378872 },
    { url = "https://files.pythonhosted.org/packages/4c/17/d0867024fad8033428d998200acc1b33049432f378911863612b5f05258c/adbc_driver_manager-1.2.0-cp313-cp313-macosx_11_0_arm64.whl", hash = "sha256:e2325af2c0d44145857bd4b947248cef317cb46073d36c212b68867769919f17", size = 362595 },
    { url = "https://files.pythonhosted.org/packages/55/94/a4daa053e944587d4db8b92ca0dcd878f8d522b1d5053d54e3cba2881608/adbc_driver_manager-1.2.0-cp313-cp313-manylinux_2_17_aarch64.manylinux2014_aarch64.whl", hash = "sha256:291f2a18ab99b6b1803541f55f82b50f06c836c51e68c3431bbdf81595e92cd9", size = 2122026 },
    { url = "https://files.pythonhosted.org/packages/34/5c/7861bdfb93e982b8f3177cd79b7f21c72917d147dde1531b20ae41907172/adbc_driver_manager-1.2.0-cp313-cp313-manylinux_2_17_x86_64.manylinux2014_x86_64.whl", hash = "sha256:f1f034dbb8ab712f349e1f0d05fe5b6a80b82adc5caad26e19fbf1f0f8f96d20", size = 2154923 },
]

[[package]]
name = "adbc-driver-sqlite"
version = "1.2.0"
source = { registry = "https://pypi.org/simple" }
dependencies = [
    { name = "adbc-driver-manager" },
    { name = "importlib-resources" },
]
sdist = { url = "https://files.pythonhosted.org/packages/24/df/1b7e59f88dd7a7126090d4935a9fad9ae3bedc16dd65a1a31ffc9493828c/adbc_driver_sqlite-1.2.0.tar.gz", hash = "sha256:4c1b068fd40af918fd8c773ac7363670261c2547b811405b129c4d90cd2f129b", size = 16990 }
wheels = [
    { url = "https://files.pythonhosted.org/packages/9c/82/a13bb3569e8f59caeb7d94069ac1880246ecb459225700576e37d89edf53/adbc_driver_sqlite-1.2.0-py3-none-macosx_10_15_x86_64.whl", hash = "sha256:0a7d34e94b9b32fffd3d456369c696a134366476879a23ab5783b381b4a6d2a2", size = 1038846 },
    { url = "https://files.pythonhosted.org/packages/d8/36/3d25d19c2001df08ed4ee85135a8a23bcb3fd17ba4ed7c3bc6593399ad3e/adbc_driver_sqlite-1.2.0-py3-none-macosx_11_0_arm64.whl", hash = "sha256:3c40ae78e5e7df2935434646809617dd52e3406320be087e544251b6a5dcdbc9", size = 1009135 },
    { url = "https://files.pythonhosted.org/packages/0a/1e/b02d229f7229471e20c061c42643b6ec61166a0cd6f3648d3ae4ed0ae8ae/adbc_driver_sqlite-1.2.0-py3-none-manylinux_2_17_aarch64.manylinux2014_aarch64.whl", hash = "sha256:9d7fb6df4810d9f9b6aa9db5f35fef52fd88ed71d8a147c7649a33e3de875bcd", size = 947586 },
    { url = "https://files.pythonhosted.org/packages/1f/c4/8e6b486db4049149e70e125a9b2a809679927945306e93f97dfc8199c0de/adbc_driver_sqlite-1.2.0-py3-none-manylinux_2_17_x86_64.manylinux2014_x86_64.whl", hash = "sha256:fc535701c7dffa233a67b58303891c4534d8b4f812442ba59eb7b030fc164699", size = 969806 },
    { url = "https://files.pythonhosted.org/packages/e0/30/e2698de2e501918d5ec6171e2c6f4b607db3ed70f02a982861c2bb30330a/adbc_driver_sqlite-1.2.0-py3-none-win_amd64.whl", hash = "sha256:a7a0d9c8ffe47b4b502f731e3a128a4f0bd7795028ae146755add1e27490d490", size = 853264 },
]

[[package]]
name = "hannuka-of-data"
version = "0.1.0"
source = { editable = "." }
dependencies = [
    { name = "adbc-driver-sqlite" },
    { name = "polars" },
    { name = "pyarrow" },
]

[package.metadata]
requires-dist = [
    { name = "adbc-driver-sqlite", specifier = ">=1.2.0" },
    { name = "polars", specifier = ">=1.12.0" },
    { name = "pyarrow", specifier = ">=18.0.0" },
]

[[package]]
name = "importlib-resources"
version = "6.4.5"
source = { registry = "https://pypi.org/simple" }
sdist = { url = "https://files.pythonhosted.org/packages/98/be/f3e8c6081b684f176b761e6a2fef02a0be939740ed6f54109a2951d806f3/importlib_resources-6.4.5.tar.gz", hash = "sha256:980862a1d16c9e147a59603677fa2aa5fd82b87f223b6cb870695bcfce830065", size = 43372 }
wheels = [
    { url = "https://files.pythonhosted.org/packages/e1/6a/4604f9ae2fa62ef47b9de2fa5ad599589d28c9fd1d335f32759813dfa91e/importlib_resources-6.4.5-py3-none-any.whl", hash = "sha256:ac29d5f956f01d5e4bb63102a5a19957f1b9175e45649977264a1416783bb717", size = 36115 },
]

[[package]]
name = "polars"
version = "1.12.0"
source = { registry = "https://pypi.org/simple" }
sdist = { url = "https://files.pythonhosted.org/packages/5f/df/55127a3099e990b45ce3a29ab6789a083451e76e7109fb754aad5525360b/polars-1.12.0.tar.gz", hash = "sha256:fb5c92de1a8f7d0a3f923fe48ea89eb518bdf55315ae917012350fa072bd64f4", size = 4090738 }
wheels = [
    { url = "https://files.pythonhosted.org/packages/6e/ae/77c7ec395d9361ae2086693af1947c9a2b21346ba3faf092bb154b735227/polars-1.12.0-cp39-abi3-macosx_10_12_x86_64.whl", hash = "sha256:8f3c4e4e423c373dda07b4c8a7ff12aa02094b524767d0ca306b1eba67f2d99e", size = 32923786 },
    { url = "https://files.pythonhosted.org/packages/97/1c/60736d5588309eb528c52538e116593cb275310bab82ba28702cd87a76d1/polars-1.12.0-cp39-abi3-macosx_11_0_arm64.whl", hash = "sha256:aa6f9862f0cec6353243920d9b8d858c21ec8f25f91af203dea6ff91980e140d", size = 28887255 },
    { url = "https://files.pythonhosted.org/packages/5a/3e/31257118e7e087fa27c230b8fadf8ff15d521140bf58558dc889ee0c9c5e/polars-1.12.0-cp39-abi3-manylinux_2_17_x86_64.manylinux2014_x86_64.whl", hash = "sha256:afb03647b5160737d2119532ee8ffe825de1d19d87f81bbbb005131786f7d59b", size = 34126501 },
    { url = "https://files.pythonhosted.org/packages/ad/e6/d03053e6064d262f2ec41172a5092b08fc20d10c059dda6c9460371cfd7e/polars-1.12.0-cp39-abi3-manylinux_2_24_aarch64.whl", hash = "sha256:ea96aba5eb3dab8f0e6abf05ab3fc2136b329261860ef8661d20f5456a2d78e0", size = 30479546 },
    { url = "https://files.pythonhosted.org/packages/d5/28/3d44ddf56a5c95272b202ce8aa0e9b818a1310e83525c4c29176b538ae7c/polars-1.12.0-cp39-abi3-win_amd64.whl", hash = "sha256:a228a4b320a36d03a9ec9dfe7241b6d80a2f119b2dceb1da953166655e4cf43c", size = 33790337 },
]

[[package]]
name = "pyarrow"
version = "18.0.0"
source = { registry = "https://pypi.org/simple" }
sdist = { url = "https://files.pythonhosted.org/packages/ec/41/6bfd027410ba2cc35da4682394fdc4285dc345b1d99f7bd55e96255d0c7d/pyarrow-18.0.0.tar.gz", hash = "sha256:a6aa027b1a9d2970cf328ccd6dbe4a996bc13c39fd427f502782f5bdb9ca20f5", size = 1118457 }
wheels = [
    { url = "https://files.pythonhosted.org/packages/e4/ea/a7f77688e6c529723b37589af4db3e7179414e223878301907c5bd49d6bc/pyarrow-18.0.0-cp312-cp312-macosx_12_0_arm64.whl", hash = "sha256:e7ab04f272f98ebffd2a0661e4e126036f6936391ba2889ed2d44c5006237802", size = 29493113 },
    { url = "https://files.pythonhosted.org/packages/79/8a/a3af902af623a1cf4f9d4d27d81e634caf1585a819b7530728a8147e391c/pyarrow-18.0.0-cp312-cp312-macosx_12_0_x86_64.whl", hash = "sha256:03f40b65a43be159d2f97fd64dc998f769d0995a50c00f07aab58b0b3da87e1f", size = 30833386 },
    { url = "https://files.pythonhosted.org/packages/46/1e/f38b22e12e2ce9ee7c9d805ce234f68b23a0568b9a6bea223e3a99ca0068/pyarrow-18.0.0-cp312-cp312-manylinux_2_17_aarch64.manylinux2014_aarch64.whl", hash = "sha256:be08af84808dff63a76860847c48ec0416928a7b3a17c2f49a072cac7c45efbd", size = 39170798 },
    { url = "https://files.pythonhosted.org/packages/f8/fb/fd0ef3e0f03227ab183f8dc941f4ef59636d8c382e246954601dd29cf1b0/pyarrow-18.0.0-cp312-cp312-manylinux_2_17_x86_64.manylinux2014_x86_64.whl", hash = "sha256:8c70c1965cde991b711a98448ccda3486f2a336457cf4ec4dca257a926e149c9", size = 40103326 },
    { url = "https://files.pythonhosted.org/packages/7c/bd/5de139adba486db5ccc1b7ecab51e328a9dce354c82c6d26c2f642b178d3/pyarrow-18.0.0-cp312-cp312-manylinux_2_28_aarch64.whl", hash = "sha256:00178509f379415a3fcf855af020e3340254f990a8534294ec3cf674d6e255fd", size = 38583592 },
    { url = "https://files.pythonhosted.org/packages/8d/1f/9bb3b3a644892d631dbbe99053cdb5295092d2696b4bcd3d21f29624c689/pyarrow-18.0.0-cp312-cp312-manylinux_2_28_x86_64.whl", hash = "sha256:a71ab0589a63a3e987beb2bc172e05f000a5c5be2636b4b263c44034e215b5d7", size = 40043128 },
    { url = "https://files.pythonhosted.org/packages/74/39/323621402c2b1ce7ba600d03c81cf9645b862350d7c495f3fcef37850d1d/pyarrow-18.0.0-cp312-cp312-win_amd64.whl", hash = "sha256:fe92efcdbfa0bcf2fa602e466d7f2905500f33f09eb90bf0bcf2e6ca41b574c8", size = 25075300 },
    { url = "https://files.pythonhosted.org/packages/13/38/4a8f8e97301adbb51c0bae7e0bc39e6878609c9337543bbbd2e9b1b3046e/pyarrow-18.0.0-cp313-cp313-macosx_12_0_arm64.whl", hash = "sha256:907ee0aa8ca576f5e0cdc20b5aeb2ad4d3953a3b4769fc4b499e00ef0266f02f", size = 29475921 },
    { url = "https://files.pythonhosted.org/packages/11/75/43aad9b0678dfcdf5cc4d632f0ead92abe5666ce5b5cc985abab75e0d410/pyarrow-18.0.0-cp313-cp313-macosx_12_0_x86_64.whl", hash = "sha256:66dcc216ebae2eb4c37b223feaf82f15b69d502821dde2da138ec5a3716e7463", size = 30811777 },
    { url = "https://files.pythonhosted.org/packages/1e/b7/477bcba6ff7e65d8045d0b6c04b36f12051385f533189617a652f551e742/pyarrow-18.0.0-cp313-cp313-manylinux_2_17_aarch64.manylinux2014_aarch64.whl", hash = "sha256:bc1daf7c425f58527900876354390ee41b0ae962a73ad0959b9d829def583bb1", size = 39163582 },
    { url = "https://files.pythonhosted.org/packages/c8/a7/37be6828370a98b3ed1125daf41dc651b27e2a9506a3682da305db757f32/pyarrow-18.0.0-cp313-cp313-manylinux_2_17_x86_64.manylinux2014_x86_64.whl", hash = "sha256:871b292d4b696b09120ed5bde894f79ee2a5f109cb84470546471df264cae136", size = 40095799 },
    { url = "https://files.pythonhosted.org/packages/5a/a0/a4eb68c3495c5e72b404c9106c4af2d02860b0a64bc9450023ed9a412c0b/pyarrow-18.0.0-cp313-cp313-manylinux_2_28_aarch64.whl", hash = "sha256:082ba62bdcb939824ba1ce10b8acef5ab621da1f4c4805e07bfd153617ac19d4", size = 38575191 },
    { url = "https://files.pythonhosted.org/packages/95/1f/6c629156ed4b8e2262da57868930cbb8cffba318b8413043acd02db9ad97/pyarrow-18.0.0-cp313-cp313-manylinux_2_28_x86_64.whl", hash = "sha256:2c664ab88b9766413197733c1720d3dcd4190e8fa3bbdc3710384630a0a7207b", size = 40031824 },
    { url = "https://files.pythonhosted.org/packages/00/4f/5add0884b3ee6f4f1875e9cd0e69a30905798fa1497a80ab6df4645b54b4/pyarrow-18.0.0-cp313-cp313-win_amd64.whl", hash = "sha256:dc892be34dbd058e8d189b47db1e33a227d965ea8805a235c8a7286f7fd17d3a", size = 25068305 },
    { url = "https://files.pythonhosted.org/packages/84/f7/fa53f3062dd2e390b8b021ce2d8de064a141b4bffc2add05471b5b2ee0eb/pyarrow-18.0.0-cp313-cp313t-macosx_12_0_arm64.whl", hash = "sha256:28f9c39a56d2c78bf6b87dcc699d520ab850919d4a8c7418cd20eda49874a2ea", size = 29503390 },
    { url = "https://files.pythonhosted.org/packages/2b/d3/03bc8a5356d95098878c0fa076e69992c6abc212898cd7286cfeab0f2c60/pyarrow-18.0.0-cp313-cp313t-macosx_12_0_x86_64.whl", hash = "sha256:f1a198a50c409ab2d009fbf20956ace84567d67f2c5701511d4dd561fae6f32e", size = 30806216 },
    { url = "https://files.pythonhosted.org/packages/75/04/3b27d1352d3252abf42b0a83a2e7f6fcb7665cc98a5d3777f427eaa166bc/pyarrow-18.0.0-cp313-cp313t-manylinux_2_17_aarch64.manylinux2014_aarch64.whl", hash = "sha256:b5bd7fd32e3ace012d43925ea4fc8bd1b02cc6cc1e9813b518302950e89b5a22", size = 39086243 },
    { url = "https://files.pythonhosted.org/packages/30/97/861dfbe3987156f817f3d7e6feb239de1e085a6b576f62454b7bc42c2713/pyarrow-18.0.0-cp313-cp313t-manylinux_2_17_x86_64.manylinux2014_x86_64.whl", hash = "sha256:336addb8b6f5208be1b2398442c703a710b6b937b1a046065ee4db65e782ff5a", size = 40055188 },
    { url = "https://files.pythonhosted.org/packages/25/3a/14f024a1c8fb5ff67d79b616fe218bbfa06f23f198e762c6a900a843796a/pyarrow-18.0.0-cp313-cp313t-manylinux_2_28_aarch64.whl", hash = "sha256:45476490dd4adec5472c92b4d253e245258745d0ccaabe706f8d03288ed60a79", size = 38511444 },
    { url = "https://files.pythonhosted.org/packages/92/a2/81c1dd744b322c0c548f793deb521bf23500806d754128ddf6f978736dff/pyarrow-18.0.0-cp313-cp313t-manylinux_2_28_x86_64.whl", hash = "sha256:b46591222c864e7da7faa3b19455196416cd8355ff6c2cc2e65726a760a3c420", size = 40006508 },
]

[[package]]
name = "typing-extensions"
version = "4.12.2"
source = { registry = "https://pypi.org/simple" }
sdist = { url = "https://files.pythonhosted.org/packages/df/db/f35a00659bc03fec321ba8bce9420de607a1d37f8342eee1863174c69557/typing_extensions-4.12.2.tar.gz", hash = "sha256:1a7ead55c7e559dd4dee8856e3a88b41225abfe1ce8df57b7c13915fe121ffb8", size = 85321 }
wheels = [
    { url = "https://files.pythonhosted.org/packages/26/9f/ad63fc0248c5379346306f8668cda6e2e2e9c95e01216d2b8ffd9ff037d0/typing_extensions-4.12.2-py3-none-any.whl", hash = "sha256:04e5ca0351e0f3f85c6853954072df659d0d13fac324d0072316b67d7794700d", size = 37438 },
]
